
Microsoft Visual Studio Solution File, Format Version 12.00
# Visual Studio Version 16
VisualStudioVersion = 16.0.29613.14
MinimumVisualStudioVersion = 10.0.40219.1
Project("{FAE04EC0-301F-11D3-BF4B-00C04F79EFBC}") = "ContosoUniversity", "ContosoUniversity.csproj", "{DB842AAC-77D5-47D5-B9F9-71225FF2BA1D}"
EndProject
Global
	GlobalSection(SolutionConfigurationPlatforms) = preSolution
		Debug|Any CPU = Debug|Any CPU
		Release|Any CPU = Release|Any CPU
	EndGlobalSection
	GlobalSection(ProjectConfigurationPlatforms) = postSolution
		{DB842AAC-77D5-47D5-B9F9-71225FF2BA1D}.Debug|Any CPU.ActiveCfg = Debug|Any CPU
		{DB842AAC-77D5-47D5-B9F9-71225FF2BA1D}.Debug|Any CPU.Build.0 = Debug|Any CPU
		{DB842AAC-77D5-47D5-B9F9-71225FF2BA1D}.Release|Any CPU.ActiveCfg = Release|Any CPU
		{DB842AAC-77D5-47D5-B9F9-71225FF2BA1D}.Release|Any CPU.Build.0 = Release|Any CPU
	EndGlobalSection
	GlobalSection(SolutionProperties) = preSolution
		HideSolutionNode = FALSE
	EndGlobalSection
	GlobalSection(ExtensibilityGlobals) = postSolution
		SolutionGuid = {BDBED6E7-F67D-48AA-86F3-BFA1DF5C8731}
	EndGlobalSection
EndGlobal
